
Microsoft Visual Studio Solution File, Format Version 12.00
# Visual Studio Version 17
VisualStudioVersion = 17.8.34511.84
MinimumVisualStudioVersion = 10.0.40219.1
Project("{9A19103F-16F7-4668-BE54-9A1E7A4F7556}") = "PostgreSQLApp", "PostgreSQLApp\PostgreSQLApp.csproj", "{CD7A81B5-BC5E-42AC-8440-1DD87382FEBE}"
EndProject
Project("{9A19103F-16F7-4668-BE54-9A1E7A4F7556}") = "SQLServerApp", "SQLServerApp\SQLServerApp.csproj", "{7C9B6A9D-F22E-4C47-9394-838E4492FA27}"
EndProject
Project("{9A19103F-16F7-4668-BE54-9A1E7A4F7556}") = "MySQLApp", "MySQLApp\MySQLApp.csproj", "{46BDCDB2-FC64-43CD-AAA8-1A248370AE17}"
EndProject
Project("{FAE04EC0-301F-11D3-BF4B-00C04F79EFBC}") = "SQLiteApp", "SQLiteApp\SQLiteApp.csproj", "{F1038BF6-EA5B-41A4-9BBF-2747A04F65FB}"
EndProject
Global
	GlobalSection(SolutionConfigurationPlatforms) = preSolution
		Debug|Any CPU = Debug|Any CPU
		Release|Any CPU = Release|Any CPU
	EndGlobalSection
	GlobalSection(ProjectConfigurationPlatforms) = postSolution
		{CD7A81B5-BC5E-42AC-8440-1DD87382FEBE}.Debug|Any CPU.ActiveCfg = Debug|Any CPU
		{CD7A81B5-BC5E-42AC-8440-1DD87382FEBE}.Debug|Any CPU.Build.0 = Debug|Any CPU
		{CD7A81B5-BC5E-42AC-8440-1DD87382FEBE}.Release|Any CPU.ActiveCfg = Release|Any CPU
		{CD7A81B5-BC5E-42AC-8440-1DD87382FEBE}.Release|Any CPU.Build.0 = Release|Any CPU
		{7C9B6A9D-F22E-4C47-9394-838E4492FA27}.Debug|Any CPU.ActiveCfg = Debug|Any CPU
		{7C9B6A9D-F22E-4C47-9394-838E4492FA27}.Debug|Any CPU.Build.0 = Debug|Any CPU
		{7C9B6A9D-F22E-4C47-9394-838E4492FA27}.Release|Any CPU.ActiveCfg = Release|Any CPU
		{7C9B6A9D-F22E-4C47-9394-838E4492FA27}.Release|Any CPU.Build.0 = Release|Any CPU
		{46BDCDB2-FC64-43CD-AAA8-1A248370AE17}.Debug|Any CPU.ActiveCfg = Debug|Any CPU
		{46BDCDB2-FC64-43CD-AAA8-1A248370AE17}.Debug|Any CPU.Build.0 = Debug|Any CPU
		{46BDCDB2-FC64-43CD-AAA8-1A248370AE17}.Release|Any CPU.ActiveCfg = Release|Any CPU
		{46BDCDB2-FC64-43CD-AAA8-1A248370AE17}.Release|Any CPU.Build.0 = Release|Any CPU
		{F1038BF6-EA5B-41A4-9BBF-2747A04F65FB}.Debug|Any CPU.ActiveCfg = Debug|Any CPU
		{F1038BF6-EA5B-41A4-9BBF-2747A04F65FB}.Debug|Any CPU.Build.0 = Debug|Any CPU
		{F1038BF6-EA5B-41A4-9BBF-2747A04F65FB}.Release|Any CPU.ActiveCfg = Release|Any CPU
		{F1038BF6-EA5B-41A4-9BBF-2747A04F65FB}.Release|Any CPU.Build.0 = Release|Any CPU
	EndGlobalSection
	GlobalSection(SolutionProperties) = preSolution
		HideSolutionNode = FALSE
	EndGlobalSection
	GlobalSection(ExtensibilityGlobals) = postSolution
		SolutionGuid = {E3416D8B-8E64-46D1-BDB3-841B58F1D23E}
	EndGlobalSection
EndGlobal
